
Microsoft Visual Studio Solution File, Format Version 12.00
# Visual Studio Version 17
VisualStudioVersion = 17.14.37216.2
MinimumVisualStudioVersion = 10.0.40219.1
Project("{FAE04EC0-301F-11D3-BF4B-00C04F79EFBC}") = "ClashRoyaleApi", "ClashRoyaleApi.csproj", "{9B611184-508D-417F-90AD-BB5829CD1959}"
EndProject
Project("{FAE04EC0-301F-11D3-BF4B-00C04F79EFBC}") = "ClashRoyaleApi.Debug", "..\ClashRoyaleApi.Debug\ClashRoyaleApi.Debug.csproj", "{48983AE2-C6C6-A514-EC45-5D9AF4B97936}"
EndProject
Global
	GlobalSection(SolutionConfigurationPlatforms) = preSolution
		Debug|Any CPU = Debug|Any CPU
		Release|Any CPU = Release|Any CPU
	EndGlobalSection
	GlobalSection(ProjectConfigurationPlatforms) = postSolution
		{9B611184-508D-417F-90AD-BB5829CD1959}.Debug|Any CPU.ActiveCfg = Debug|Any CPU
		{9B611184-508D-417F-90AD-BB5829CD1959}.Debug|Any CPU.Build.0 = Debug|Any CPU
		{9B611184-508D-417F-90AD-BB5829CD1959}.Release|Any CPU.ActiveCfg = Release|Any CPU
		{9B611184-508D-417F-90AD-BB5829CD1959}.Release|Any CPU.Build.0 = Release|Any CPU
		{48983AE2-C6C6-A514-EC45-5D9AF4B97936}.Debug|Any CPU.ActiveCfg = Debug|Any CPU
		{48983AE2-C6C6-A514-EC45-5D9AF4B97936}.Debug|Any CPU.Build.0 = Debug|Any CPU
		{48983AE2-C6C6-A514-EC45-5D9AF4B97936}.Release|Any CPU.ActiveCfg = Release|Any CPU
		{48983AE2-C6C6-A514-EC45-5D9AF4B97936}.Release|Any CPU.Build.0 = Release|Any CPU
	EndGlobalSection
	GlobalSection(SolutionProperties) = preSolution
		HideSolutionNode = FALSE
	EndGlobalSection
	GlobalSection(ExtensibilityGlobals) = postSolution
		SolutionGuid = {DDDCD09B-0B89-45C7-A8DD-E4AB176C6C57}
	EndGlobalSection
EndGlobal
